{
  "requires": true,
  "lockfileVersion": 1,
  "dependencies": {
    "fclone": {
      "version": "1.0.11",
      "resolved": "https://registry.npmjs.org/fclone/-/fclone-1.0.11.tgz",
      "integrity": "sha1-EOhdo4v+p/xZk0HClu4ddyZu5kA=",
      "dev": true
    },
    "posthtml-expressions": {
      "version": "1.1.1",
      "dev": true,
      "requires": {
        "fclone": "^1.0.11"
      }
    },
    "process": {
      "version": "0.11.10",
      "resolved": "https://registry.npmjs.org/process/-/process-0.11.10.tgz",
      "integrity": "sha1-czIwDoQBYb2j5podHZGn1LwW8YI="
    }
  }
}
