# THIS IS AN AUTOGENERATED FILE. DO NOT EDIT THIS FILE DIRECTLY.
# yarn lockfile v1


fclone@^1.0.11:
  version "1.0.11"
  resolved "https://registry.yarnpkg.com/fclone/-/fclone-1.0.11.tgz#10e85da38bfea7fc599341c296ee1d77266ee640"
  integrity sha1-EOhdo4v+p/xZk0HClu4ddyZu5kA=

posthtml-expressions@^1.1.1:
  version "1.1.1"
  resolved "https://registry.yarnpkg.com/posthtml-expressions/-/posthtml-expressions-1.1.1.tgz#7663a1a5a39259dcad44b67c897c34eb420d942c"
  integrity sha512-89Afc2rys3YCs/G+SxV3jVgWuQ/SSPujgYVIJj9raKkQjBbHn6RxmZpiJBbru/WEtVp+/s705DXCk4MfnvsJoQ==
  dependencies:
    fclone "^1.0.11"
